
Microsoft Visual Studio Solution File, Format Version 12.00
# Visual Studio Version 17
VisualStudioVersion = 17.6.33723.286
MinimumVisualStudioVersion = 10.0.40219.1
Project("{2150E333-8FDC-42A3-9474-1A3956D46DE8}") = "EventBus", "EventBus", "{70F74BE7-E882-49F5-B4DE-8C7E78CC4338}"
EndProject
Project("{9A19103F-16F7-4668-BE54-9A1E7A4F7556}") = "EventBus", "EventBus\EventBus\EventBus.csproj", "{616ACA04-E845-4AF0-A1AC-B751AAC1A689}"
EndProject
Project("{9A19103F-16F7-4668-BE54-9A1E7A4F7556}") = "EventBusRabbitMQ", "EventBus\EventBusRabbitMQ\EventBusRabbitMQ.csproj", "{06D70F16-18DC-480F-9735-715582552044}"
EndProject
Project("{9A19103F-16F7-4668-BE54-9A1E7A4F7556}") = "IntegrationEventLogEF", "EventBus\IntegrationEventLogEF\IntegrationEventLogEF.csproj", "{F8012D52-796A-4089-A618-18E1CD6196DC}"
EndProject
Project("{9A19103F-16F7-4668-BE54-9A1E7A4F7556}") = "EventBusServiceBus", "EventBus\EventBusServiceBus\EventBusServiceBus.csproj", "{36F06D1D-A97A-4DD1-A903-3152573FBDC3}"
EndProject
Project("{2150E333-8FDC-42A3-9474-1A3956D46DE8}") = "APIGateways", "APIGateways", "{0AA8188B-17F2-4C52-867A-7477A285CB8A}"
EndProject
Project("{9A19103F-16F7-4668-BE54-9A1E7A4F7556}") = "Web.bff.Ocelot", "APIGateways\Web.bff.Ocelot\Web.bff.Ocelot.csproj", "{036D4D63-DE46-43C9-B9E1-6A4572F2A7AB}"
EndProject
Project("{2150E333-8FDC-42A3-9474-1A3956D46DE8}") = "Services", "Services", "{02B314D1-B196-4678-95B3-470A8B543787}"
EndProject
Project("{2150E333-8FDC-42A3-9474-1A3956D46DE8}") = "Identity", "Identity", "{FE3F4CD7-6C48-4515-B21C-FF3E2AD2EAA6}"
EndProject
Project("{9A19103F-16F7-4668-BE54-9A1E7A4F7556}") = "Identity.API", "Services\Identity\Identity.API\Identity.API.csproj", "{2EC7E086-2564-4E8D-9BC0-2C1CF66EB805}"
EndProject
Project("{9A19103F-16F7-4668-BE54-9A1E7A4F7556}") = "JwtTokenAuthentication", "Services\Identity\JwtTokenAuthentication\JwtTokenAuthentication.csproj", "{60737F1F-2898-4D38-AD47-096C663D1D62}"
EndProject
Project("{2150E333-8FDC-42A3-9474-1A3956D46DE8}") = "Catalog", "Catalog", "{90994DD8-4327-4530-AA0B-4CB21D8BA485}"
EndProject
Project("{2150E333-8FDC-42A3-9474-1A3956D46DE8}") = "Basket", "Basket", "{51186EC3-46EF-4FC9-8A41-57F1E00C4E24}"
EndProject
Project("{2150E333-8FDC-42A3-9474-1A3956D46DE8}") = "tests", "tests", "{73CCD5C1-0F80-44BE-B788-9DBC914C4561}"
EndProject
Project("{2150E333-8FDC-42A3-9474-1A3956D46DE8}") = "Ordering", "Ordering", "{7BB0CD3E-FEBC-4711-9E98-2C8CD2EB205B}"
EndProject
Project("{9A19103F-16F7-4668-BE54-9A1E7A4F7556}") = "Ordering.API", "Services\Ordering\Ordering.API\Ordering.API.csproj", "{9905DC5D-3E92-4333-8BF4-8CB2E38EEE77}"
EndProject
Project("{9A19103F-16F7-4668-BE54-9A1E7A4F7556}") = "Ordering.Domain", "Services\Ordering\Ordering.Domain\Ordering.Domain.csproj", "{C585751A-808C-4B01-AFCF-55B1BB28D257}"
EndProject
Project("{9A19103F-16F7-4668-BE54-9A1E7A4F7556}") = "Ordering.Infrastructure", "Services\Ordering\Ordering.Infrastructure\Ordering.Infrastructure.csproj", "{C9223A79-5A3E-4282-A071-426145972330}"
EndProject
Project("{9A19103F-16F7-4668-BE54-9A1E7A4F7556}") = "Catalog.API", "Services\Catalog\Catalog.API\Catalog.API.csproj", "{08E78926-DFC2-486A-ADD1-3AC0FF5DB24C}"
EndProject
Project("{9A19103F-16F7-4668-BE54-9A1E7A4F7556}") = "Catalog.UnitTests", "Services\Catalog\Catalog.UnitTests\Catalog.UnitTests.csproj", "{2D8A7B4A-D4E2-4C7C-BD8C-2D8C382A9699}"
EndProject
Project("{9A19103F-16F7-4668-BE54-9A1E7A4F7556}") = "Basket.API", "Services\Basket\Basket.API\Basket.API.csproj", "{A62BF08C-0A35-4F74-AEAF-6B44B5A35D2A}"
EndProject
Global
	GlobalSection(SolutionConfigurationPlatforms) = preSolution
		Debug|Any CPU = Debug|Any CPU
		Release|Any CPU = Release|Any CPU
	EndGlobalSection
	GlobalSection(ProjectConfigurationPlatforms) = postSolution
		{616ACA04-E845-4AF0-A1AC-B751AAC1A689}.Debug|Any CPU.ActiveCfg = Debug|Any CPU
		{616ACA04-E845-4AF0-A1AC-B751AAC1A689}.Debug|Any CPU.Build.0 = Debug|Any CPU
		{616ACA04-E845-4AF0-A1AC-B751AAC1A689}.Release|Any CPU.ActiveCfg = Release|Any CPU
		{616ACA04-E845-4AF0-A1AC-B751AAC1A689}.Release|Any CPU.Build.0 = Release|Any CPU
		{06D70F16-18DC-480F-9735-715582552044}.Debug|Any CPU.ActiveCfg = Debug|Any CPU
		{06D70F16-18DC-480F-9735-715582552044}.Debug|Any CPU.Build.0 = Debug|Any CPU
		{06D70F16-18DC-480F-9735-715582552044}.Release|Any CPU.ActiveCfg = Release|Any CPU
		{06D70F16-18DC-480F-9735-715582552044}.Release|Any CPU.Build.0 = Release|Any CPU
		{F8012D52-796A-4089-A618-18E1CD6196DC}.Debug|Any CPU.ActiveCfg = Debug|Any CPU
		{F8012D52-796A-4089-A618-18E1CD6196DC}.Debug|Any CPU.Build.0 = Debug|Any CPU
		{F8012D52-796A-4089-A618-18E1CD6196DC}.Release|Any CPU.ActiveCfg = Release|Any CPU
		{F8012D52-796A-4089-A618-18E1CD6196DC}.Release|Any CPU.Build.0 = Release|Any CPU
		{36F06D1D-A97A-4DD1-A903-3152573FBDC3}.Debug|Any CPU.ActiveCfg = Debug|Any CPU
		{36F06D1D-A97A-4DD1-A903-3152573FBDC3}.Debug|Any CPU.Build.0 = Debug|Any CPU
		{36F06D1D-A97A-4DD1-A903-3152573FBDC3}.Release|Any CPU.ActiveCfg = Release|Any CPU
		{36F06D1D-A97A-4DD1-A903-3152573FBDC3}.Release|Any CPU.Build.0 = Release|Any CPU
		{036D4D63-DE46-43C9-B9E1-6A4572F2A7AB}.Debug|Any CPU.ActiveCfg = Debug|Any CPU
		{036D4D63-DE46-43C9-B9E1-6A4572F2A7AB}.Debug|Any CPU.Build.0 = Debug|Any CPU
		{036D4D63-DE46-43C9-B9E1-6A4572F2A7AB}.Release|Any CPU.ActiveCfg = Release|Any CPU
		{036D4D63-DE46-43C9-B9E1-6A4572F2A7AB}.Release|Any CPU.Build.0 = Release|Any CPU
		{2EC7E086-2564-4E8D-9BC0-2C1CF66EB805}.Debug|Any CPU.ActiveCfg = Debug|Any CPU
		{2EC7E086-2564-4E8D-9BC0-2C1CF66EB805}.Debug|Any CPU.Build.0 = Debug|Any CPU
		{2EC7E086-2564-4E8D-9BC0-2C1CF66EB805}.Release|Any CPU.ActiveCfg = Release|Any CPU
		{2EC7E086-2564-4E8D-9BC0-2C1CF66EB805}.Release|Any CPU.Build.0 = Release|Any CPU
		{60737F1F-2898-4D38-AD47-096C663D1D62}.Debug|Any CPU.ActiveCfg = Debug|Any CPU
		{60737F1F-2898-4D38-AD47-096C663D1D62}.Debug|Any CPU.Build.0 = Debug|Any CPU
		{60737F1F-2898-4D38-AD47-096C663D1D62}.Release|Any CPU.ActiveCfg = Release|Any CPU
		{60737F1F-2898-4D38-AD47-096C663D1D62}.Release|Any CPU.Build.0 = Release|Any CPU
		{9905DC5D-3E92-4333-8BF4-8CB2E38EEE77}.Debug|Any CPU.ActiveCfg = Debug|Any CPU
		{9905DC5D-3E92-4333-8BF4-8CB2E38EEE77}.Debug|Any CPU.Build.0 = Debug|Any CPU
		{9905DC5D-3E92-4333-8BF4-8CB2E38EEE77}.Release|Any CPU.ActiveCfg = Release|Any CPU
		{9905DC5D-3E92-4333-8BF4-8CB2E38EEE77}.Release|Any CPU.Build.0 = Release|Any CPU
		{C585751A-808C-4B01-AFCF-55B1BB28D257}.Debug|Any CPU.ActiveCfg = Debug|Any CPU
		{C585751A-808C-4B01-AFCF-55B1BB28D257}.Debug|Any CPU.Build.0 = Debug|Any CPU
		{C585751A-808C-4B01-AFCF-55B1BB28D257}.Release|Any CPU.ActiveCfg = Release|Any CPU
		{C585751A-808C-4B01-AFCF-55B1BB28D257}.Release|Any CPU.Build.0 = Release|Any CPU
		{C9223A79-5A3E-4282-A071-426145972330}.Debug|Any CPU.ActiveCfg = Debug|Any CPU
		{C9223A79-5A3E-4282-A071-426145972330}.Debug|Any CPU.Build.0 = Debug|Any CPU
		{C9223A79-5A3E-4282-A071-426145972330}.Release|Any CPU.ActiveCfg = Release|Any CPU
		{C9223A79-5A3E-4282-A071-426145972330}.Release|Any CPU.Build.0 = Release|Any CPU
		{08E78926-DFC2-486A-ADD1-3AC0FF5DB24C}.Debug|Any CPU.ActiveCfg = Debug|Any CPU
		{08E78926-DFC2-486A-ADD1-3AC0FF5DB24C}.Debug|Any CPU.Build.0 = Debug|Any CPU
		{08E78926-DFC2-486A-ADD1-3AC0FF5DB24C}.Release|Any CPU.ActiveCfg = Release|Any CPU
		{08E78926-DFC2-486A-ADD1-3AC0FF5DB24C}.Release|Any CPU.Build.0 = Release|Any CPU
		{2D8A7B4A-D4E2-4C7C-BD8C-2D8C382A9699}.Debug|Any CPU.ActiveCfg = Debug|Any CPU
		{2D8A7B4A-D4E2-4C7C-BD8C-2D8C382A9699}.Debug|Any CPU.Build.0 = Debug|Any CPU
		{2D8A7B4A-D4E2-4C7C-BD8C-2D8C382A9699}.Release|Any CPU.ActiveCfg = Release|Any CPU
		{2D8A7B4A-D4E2-4C7C-BD8C-2D8C382A9699}.Release|Any CPU.Build.0 = Release|Any CPU
		{A62BF08C-0A35-4F74-AEAF-6B44B5A35D2A}.Debug|Any CPU.ActiveCfg = Debug|Any CPU
		{A62BF08C-0A35-4F74-AEAF-6B44B5A35D2A}.Debug|Any CPU.Build.0 = Debug|Any CPU
		{A62BF08C-0A35-4F74-AEAF-6B44B5A35D2A}.Release|Any CPU.ActiveCfg = Release|Any CPU
		{A62BF08C-0A35-4F74-AEAF-6B44B5A35D2A}.Release|Any CPU.Build.0 = Release|Any CPU
	EndGlobalSection
	GlobalSection(SolutionProperties) = preSolution
		HideSolutionNode = FALSE
	EndGlobalSection
	GlobalSection(NestedProjects) = preSolution
		{616ACA04-E845-4AF0-A1AC-B751AAC1A689} = {70F74BE7-E882-49F5-B4DE-8C7E78CC4338}
		{06D70F16-18DC-480F-9735-715582552044} = {70F74BE7-E882-49F5-B4DE-8C7E78CC4338}
		{F8012D52-796A-4089-A618-18E1CD6196DC} = {70F74BE7-E882-49F5-B4DE-8C7E78CC4338}
		{36F06D1D-A97A-4DD1-A903-3152573FBDC3} = {70F74BE7-E882-49F5-B4DE-8C7E78CC4338}
		{036D4D63-DE46-43C9-B9E1-6A4572F2A7AB} = {0AA8188B-17F2-4C52-867A-7477A285CB8A}
		{FE3F4CD7-6C48-4515-B21C-FF3E2AD2EAA6} = {02B314D1-B196-4678-95B3-470A8B543787}
		{2EC7E086-2564-4E8D-9BC0-2C1CF66EB805} = {FE3F4CD7-6C48-4515-B21C-FF3E2AD2EAA6}
		{60737F1F-2898-4D38-AD47-096C663D1D62} = {FE3F4CD7-6C48-4515-B21C-FF3E2AD2EAA6}
		{90994DD8-4327-4530-AA0B-4CB21D8BA485} = {02B314D1-B196-4678-95B3-470A8B543787}
		{51186EC3-46EF-4FC9-8A41-57F1E00C4E24} = {02B314D1-B196-4678-95B3-470A8B543787}
		{73CCD5C1-0F80-44BE-B788-9DBC914C4561} = {90994DD8-4327-4530-AA0B-4CB21D8BA485}
		{7BB0CD3E-FEBC-4711-9E98-2C8CD2EB205B} = {02B314D1-B196-4678-95B3-470A8B543787}
		{9905DC5D-3E92-4333-8BF4-8CB2E38EEE77} = {7BB0CD3E-FEBC-4711-9E98-2C8CD2EB205B}
		{C585751A-808C-4B01-AFCF-55B1BB28D257} = {7BB0CD3E-FEBC-4711-9E98-2C8CD2EB205B}
		{C9223A79-5A3E-4282-A071-426145972330} = {7BB0CD3E-FEBC-4711-9E98-2C8CD2EB205B}
		{08E78926-DFC2-486A-ADD1-3AC0FF5DB24C} = {90994DD8-4327-4530-AA0B-4CB21D8BA485}
		{2D8A7B4A-D4E2-4C7C-BD8C-2D8C382A9699} = {73CCD5C1-0F80-44BE-B788-9DBC914C4561}
		{A62BF08C-0A35-4F74-AEAF-6B44B5A35D2A} = {51186EC3-46EF-4FC9-8A41-57F1E00C4E24}
	EndGlobalSection
	GlobalSection(ExtensibilityGlobals) = postSolution
		SolutionGuid = {9C701715-7ECB-42E3-B307-BFB834523148}
	EndGlobalSection
EndGlobal
